
Microsoft Visual Studio Solution File, Format Version 12.00
# Visual Studio Version 17
VisualStudioVersion = 17.7.34031.279
MinimumVisualStudioVersion = 10.0.40219.1
Project("{9A19103F-16F7-4668-BE54-9A1E7A4F7556}") = "TicTacToe.Client", "TicTacToe\TicTacToe.Client.csproj", "{4AE1CEA4-DD3E-45C9-8296-A869636DB8D4}"
EndProject
Project("{2150E333-8FDC-42A3-9474-1A3956D46DE8}") = "Solutions", "Solutions", "{DB07DD5C-ED73-4174-9283-8E5C0193B558}"
EndProject
Project("{2150E333-8FDC-42A3-9474-1A3956D46DE8}") = "SQL Server Scripts", "SQL Server Scripts", "{8926BADB-4AED-45CC-A0A5-C20B938A170C}"
	ProjectSection(SolutionItems) = preProject
		CreateOrleansTables_SqlServer.sql = CreateOrleansTables_SqlServer.sql
		SQLServer-Clustering.sql = SQLServer-Clustering.sql
		SQLServer-Main.sql = SQLServer-Main.sql
		SQLServer-Persistence.sql = SQLServer-Persistence.sql
		SQLServer-Reminders.sql = SQLServer-Reminders.sql
	EndProjectSection
EndProject
Project("{9A19103F-16F7-4668-BE54-9A1E7A4F7556}") = "SiloProvider", "Silo\SiloProvider.csproj", "{467DDE5F-C89F-435B-986C-A69A22EE2588}"
EndProject
Project("{9A19103F-16F7-4668-BE54-9A1E7A4F7556}") = "GrainInterfaces", "GrainInterfaces\GrainInterfaces.csproj", "{F33B9133-13DF-4C0B-ACE8-A2FD992FC048}"
EndProject
Project("{9A19103F-16F7-4668-BE54-9A1E7A4F7556}") = "Grains", "Grains\Grains.csproj", "{88F49469-944B-414B-ABFF-F020E43A8912}"
EndProject
Project("{FAE04EC0-301F-11D3-BF4B-00C04F79EFBC}") = "MasterSilo", "MasterSilo\MasterSilo.csproj", "{010C2052-1FDE-4A29-BF4A-1797060817C7}"
EndProject
Project("{FAE04EC0-301F-11D3-BF4B-00C04F79EFBC}") = "Silo", "SiloHost\Silo.csproj", "{2F8ED511-1286-45C5-BA8A-5F71254A662F}"
EndProject
Project("{2150E333-8FDC-42A3-9474-1A3956D46DE8}") = "Servers", "Servers", "{AB63786A-92E9-4365-B3E8-CBA69101F725}"
EndProject
Project("{2150E333-8FDC-42A3-9474-1A3956D46DE8}") = "Clients", "Clients", "{EE3C07A0-4BE2-4154-9C46-1AEA260B44A5}"
EndProject
Project("{2150E333-8FDC-42A3-9474-1A3956D46DE8}") = "Actors", "Actors", "{5068A264-E4AE-4D8A-9EDB-04DDCD1BD044}"
EndProject
Global
	GlobalSection(SolutionConfigurationPlatforms) = preSolution
		Debug|Any CPU = Debug|Any CPU
		Release|Any CPU = Release|Any CPU
	EndGlobalSection
	GlobalSection(ProjectConfigurationPlatforms) = postSolution
		{4AE1CEA4-DD3E-45C9-8296-A869636DB8D4}.Debug|Any CPU.ActiveCfg = Debug|Any CPU
		{4AE1CEA4-DD3E-45C9-8296-A869636DB8D4}.Debug|Any CPU.Build.0 = Debug|Any CPU
		{4AE1CEA4-DD3E-45C9-8296-A869636DB8D4}.Release|Any CPU.ActiveCfg = Release|Any CPU
		{4AE1CEA4-DD3E-45C9-8296-A869636DB8D4}.Release|Any CPU.Build.0 = Release|Any CPU
		{467DDE5F-C89F-435B-986C-A69A22EE2588}.Debug|Any CPU.ActiveCfg = Debug|Any CPU
		{467DDE5F-C89F-435B-986C-A69A22EE2588}.Debug|Any CPU.Build.0 = Debug|Any CPU
		{467DDE5F-C89F-435B-986C-A69A22EE2588}.Release|Any CPU.ActiveCfg = Release|Any CPU
		{467DDE5F-C89F-435B-986C-A69A22EE2588}.Release|Any CPU.Build.0 = Release|Any CPU
		{F33B9133-13DF-4C0B-ACE8-A2FD992FC048}.Debug|Any CPU.ActiveCfg = Debug|Any CPU
		{F33B9133-13DF-4C0B-ACE8-A2FD992FC048}.Debug|Any CPU.Build.0 = Debug|Any CPU
		{F33B9133-13DF-4C0B-ACE8-A2FD992FC048}.Release|Any CPU.ActiveCfg = Release|Any CPU
		{F33B9133-13DF-4C0B-ACE8-A2FD992FC048}.Release|Any CPU.Build.0 = Release|Any CPU
		{88F49469-944B-414B-ABFF-F020E43A8912}.Debug|Any CPU.ActiveCfg = Debug|Any CPU
		{88F49469-944B-414B-ABFF-F020E43A8912}.Debug|Any CPU.Build.0 = Debug|Any CPU
		{88F49469-944B-414B-ABFF-F020E43A8912}.Release|Any CPU.ActiveCfg = Release|Any CPU
		{88F49469-944B-414B-ABFF-F020E43A8912}.Release|Any CPU.Build.0 = Release|Any CPU
		{010C2052-1FDE-4A29-BF4A-1797060817C7}.Debug|Any CPU.ActiveCfg = Debug|Any CPU
		{010C2052-1FDE-4A29-BF4A-1797060817C7}.Debug|Any CPU.Build.0 = Debug|Any CPU
		{010C2052-1FDE-4A29-BF4A-1797060817C7}.Release|Any CPU.ActiveCfg = Release|Any CPU
		{010C2052-1FDE-4A29-BF4A-1797060817C7}.Release|Any CPU.Build.0 = Release|Any CPU
		{2F8ED511-1286-45C5-BA8A-5F71254A662F}.Debug|Any CPU.ActiveCfg = Debug|Any CPU
		{2F8ED511-1286-45C5-BA8A-5F71254A662F}.Debug|Any CPU.Build.0 = Debug|Any CPU
		{2F8ED511-1286-45C5-BA8A-5F71254A662F}.Release|Any CPU.ActiveCfg = Release|Any CPU
		{2F8ED511-1286-45C5-BA8A-5F71254A662F}.Release|Any CPU.Build.0 = Release|Any CPU
	EndGlobalSection
	GlobalSection(SolutionProperties) = preSolution
		HideSolutionNode = FALSE
	EndGlobalSection
	GlobalSection(NestedProjects) = preSolution
		{4AE1CEA4-DD3E-45C9-8296-A869636DB8D4} = {EE3C07A0-4BE2-4154-9C46-1AEA260B44A5}
		{8926BADB-4AED-45CC-A0A5-C20B938A170C} = {DB07DD5C-ED73-4174-9283-8E5C0193B558}
		{467DDE5F-C89F-435B-986C-A69A22EE2588} = {5068A264-E4AE-4D8A-9EDB-04DDCD1BD044}
		{F33B9133-13DF-4C0B-ACE8-A2FD992FC048} = {5068A264-E4AE-4D8A-9EDB-04DDCD1BD044}
		{88F49469-944B-414B-ABFF-F020E43A8912} = {5068A264-E4AE-4D8A-9EDB-04DDCD1BD044}
		{010C2052-1FDE-4A29-BF4A-1797060817C7} = {AB63786A-92E9-4365-B3E8-CBA69101F725}
		{2F8ED511-1286-45C5-BA8A-5F71254A662F} = {AB63786A-92E9-4365-B3E8-CBA69101F725}
	EndGlobalSection
	GlobalSection(ExtensibilityGlobals) = postSolution
		SolutionGuid = {F5877C73-D72D-4765-B71E-7852572FDB3A}
	EndGlobalSection
EndGlobal
