
Microsoft Visual Studio Solution File, Format Version 12.00
# Visual Studio Version 17
VisualStudioVersion = 17.7.34031.279
MinimumVisualStudioVersion = 10.0.40219.1
Project("{2150E333-8FDC-42A3-9474-1A3956D46DE8}") = "Solutions", "Solutions", "{DB07DD5C-ED73-4174-9283-8E5C0193B558}"
	ProjectSection(SolutionItems) = preProject
		RunSilos.bat = RunSilos.bat
	EndProjectSection
EndProject
Project("{2150E333-8FDC-42A3-9474-1A3956D46DE8}") = "SQL Server Scripts", "SQL Server Scripts", "{8926BADB-4AED-45CC-A0A5-C20B938A170C}"
	ProjectSection(SolutionItems) = preProject
		SqlScripts\CreateOrleansTables_SqlServer.sql = SqlScripts\CreateOrleansTables_SqlServer.sql
		SqlScripts\SQLServer-Clustering.sql = SqlScripts\SQLServer-Clustering.sql
		SqlScripts\SQLServer-Main.sql = SqlScripts\SQLServer-Main.sql
		SqlScripts\SQLServer-Persistence.sql = SqlScripts\SQLServer-Persistence.sql
		SqlScripts\SQLServer-Reminders.sql = SqlScripts\SQLServer-Reminders.sql
	EndProjectSection
EndProject
Project("{2150E333-8FDC-42A3-9474-1A3956D46DE8}") = "Services", "Services", "{AB63786A-92E9-4365-B3E8-CBA69101F725}"
EndProject
Project("{2150E333-8FDC-42A3-9474-1A3956D46DE8}") = "Clients", "Clients", "{EE3C07A0-4BE2-4154-9C46-1AEA260B44A5}"
EndProject
Project("{2150E333-8FDC-42A3-9474-1A3956D46DE8}") = "Actors", "Actors", "{5068A264-E4AE-4D8A-9EDB-04DDCD1BD044}"
EndProject
Project("{9A19103F-16F7-4668-BE54-9A1E7A4F7556}") = "GrainInterfaces", "Actors\GrainInterfaces\GrainInterfaces.csproj", "{BAFF387E-91A9-4BD9-875D-080DDEB386E1}"
EndProject
Project("{9A19103F-16F7-4668-BE54-9A1E7A4F7556}") = "Grains", "Actors\Grains\Grains.csproj", "{0A263E2F-42C2-4190-A47D-43D8C5880C80}"
EndProject
Project("{9A19103F-16F7-4668-BE54-9A1E7A4F7556}") = "TicTacToe.Client", "Clients\TicTacToe\TicTacToe.Client.csproj", "{3A54F158-86A6-4620-B3C3-A64266677569}"
EndProject
Project("{9A19103F-16F7-4668-BE54-9A1E7A4F7556}") = "Silo", "Services\Silo\Silo.csproj", "{AD15CB1F-1295-4106-8923-D2B1D7402017}"
EndProject
Project("{9A19103F-16F7-4668-BE54-9A1E7A4F7556}") = "MasterSilo", "Services\MasterSilo\MasterSilo.csproj", "{EA7AC9F4-9C9F-490C-AA29-24D4AB36CEAB}"
EndProject
Project("{9A19103F-16F7-4668-BE54-9A1E7A4F7556}") = "SiloProvider", "Services\SiloProvider\SiloProvider.csproj", "{99F65FDC-1760-4FD2-8D58-1962FC362F03}"
EndProject
Global
	GlobalSection(SolutionConfigurationPlatforms) = preSolution
		Debug|Any CPU = Debug|Any CPU
		Release|Any CPU = Release|Any CPU
	EndGlobalSection
	GlobalSection(ProjectConfigurationPlatforms) = postSolution
		{BAFF387E-91A9-4BD9-875D-080DDEB386E1}.Debug|Any CPU.ActiveCfg = Debug|Any CPU
		{BAFF387E-91A9-4BD9-875D-080DDEB386E1}.Debug|Any CPU.Build.0 = Debug|Any CPU
		{BAFF387E-91A9-4BD9-875D-080DDEB386E1}.Release|Any CPU.ActiveCfg = Release|Any CPU
		{BAFF387E-91A9-4BD9-875D-080DDEB386E1}.Release|Any CPU.Build.0 = Release|Any CPU
		{0A263E2F-42C2-4190-A47D-43D8C5880C80}.Debug|Any CPU.ActiveCfg = Debug|Any CPU
		{0A263E2F-42C2-4190-A47D-43D8C5880C80}.Debug|Any CPU.Build.0 = Debug|Any CPU
		{0A263E2F-42C2-4190-A47D-43D8C5880C80}.Release|Any CPU.ActiveCfg = Release|Any CPU
		{0A263E2F-42C2-4190-A47D-43D8C5880C80}.Release|Any CPU.Build.0 = Release|Any CPU
		{3A54F158-86A6-4620-B3C3-A64266677569}.Debug|Any CPU.ActiveCfg = Debug|Any CPU
		{3A54F158-86A6-4620-B3C3-A64266677569}.Debug|Any CPU.Build.0 = Debug|Any CPU
		{3A54F158-86A6-4620-B3C3-A64266677569}.Release|Any CPU.ActiveCfg = Release|Any CPU
		{3A54F158-86A6-4620-B3C3-A64266677569}.Release|Any CPU.Build.0 = Release|Any CPU
		{AD15CB1F-1295-4106-8923-D2B1D7402017}.Debug|Any CPU.ActiveCfg = Debug|Any CPU
		{AD15CB1F-1295-4106-8923-D2B1D7402017}.Debug|Any CPU.Build.0 = Debug|Any CPU
		{AD15CB1F-1295-4106-8923-D2B1D7402017}.Release|Any CPU.ActiveCfg = Release|Any CPU
		{AD15CB1F-1295-4106-8923-D2B1D7402017}.Release|Any CPU.Build.0 = Release|Any CPU
		{EA7AC9F4-9C9F-490C-AA29-24D4AB36CEAB}.Debug|Any CPU.ActiveCfg = Debug|Any CPU
		{EA7AC9F4-9C9F-490C-AA29-24D4AB36CEAB}.Debug|Any CPU.Build.0 = Debug|Any CPU
		{EA7AC9F4-9C9F-490C-AA29-24D4AB36CEAB}.Release|Any CPU.ActiveCfg = Release|Any CPU
		{EA7AC9F4-9C9F-490C-AA29-24D4AB36CEAB}.Release|Any CPU.Build.0 = Release|Any CPU
		{99F65FDC-1760-4FD2-8D58-1962FC362F03}.Debug|Any CPU.ActiveCfg = Debug|Any CPU
		{99F65FDC-1760-4FD2-8D58-1962FC362F03}.Debug|Any CPU.Build.0 = Debug|Any CPU
		{99F65FDC-1760-4FD2-8D58-1962FC362F03}.Release|Any CPU.ActiveCfg = Release|Any CPU
		{99F65FDC-1760-4FD2-8D58-1962FC362F03}.Release|Any CPU.Build.0 = Release|Any CPU
	EndGlobalSection
	GlobalSection(SolutionProperties) = preSolution
		HideSolutionNode = FALSE
	EndGlobalSection
	GlobalSection(NestedProjects) = preSolution
		{8926BADB-4AED-45CC-A0A5-C20B938A170C} = {DB07DD5C-ED73-4174-9283-8E5C0193B558}
		{BAFF387E-91A9-4BD9-875D-080DDEB386E1} = {5068A264-E4AE-4D8A-9EDB-04DDCD1BD044}
		{0A263E2F-42C2-4190-A47D-43D8C5880C80} = {5068A264-E4AE-4D8A-9EDB-04DDCD1BD044}
		{3A54F158-86A6-4620-B3C3-A64266677569} = {EE3C07A0-4BE2-4154-9C46-1AEA260B44A5}
		{AD15CB1F-1295-4106-8923-D2B1D7402017} = {AB63786A-92E9-4365-B3E8-CBA69101F725}
		{EA7AC9F4-9C9F-490C-AA29-24D4AB36CEAB} = {AB63786A-92E9-4365-B3E8-CBA69101F725}
		{99F65FDC-1760-4FD2-8D58-1962FC362F03} = {AB63786A-92E9-4365-B3E8-CBA69101F725}
	EndGlobalSection
	GlobalSection(ExtensibilityGlobals) = postSolution
		SolutionGuid = {F5877C73-D72D-4765-B71E-7852572FDB3A}
	EndGlobalSection
EndGlobal
